
Microsoft Visual Studio Solution File, Format Version 12.00
# Visual Studio Version 16
VisualStudioVersion = 16.0.31613.86
MinimumVisualStudioVersion = 10.0.40219.1
Project("{FAE04EC0-301F-11D3-BF4B-00C04F79EFBC}") = "Pulsacionn", "Pulsacionn\Pulsacionn.csproj", "{DD132A27-FD86-4F1A-A473-4757A98B9A20}"
EndProject
Project("{FAE04EC0-301F-11D3-BF4B-00C04F79EFBC}") = "Datos", "Datos\Datos.csproj", "{C8F34C38-CA65-4564-8DF9-200FB3B30131}"
EndProject
Project("{FAE04EC0-301F-11D3-BF4B-00C04F79EFBC}") = "Logica", "Logica\Logica.csproj", "{B6F2CE4B-4A1A-40EF-BA33-D5FEC8EAEAB2}"
EndProject
Global
	GlobalSection(SolutionConfigurationPlatforms) = preSolution
		Debug|Any CPU = Debug|Any CPU
		Release|Any CPU = Release|Any CPU
	EndGlobalSection
	GlobalSection(ProjectConfigurationPlatforms) = postSolution
		{DD132A27-FD86-4F1A-A473-4757A98B9A20}.Debug|Any CPU.ActiveCfg = Debug|Any CPU
		{DD132A27-FD86-4F1A-A473-4757A98B9A20}.Debug|Any CPU.Build.0 = Debug|Any CPU
		{DD132A27-FD86-4F1A-A473-4757A98B9A20}.Release|Any CPU.ActiveCfg = Release|Any CPU
		{DD132A27-FD86-4F1A-A473-4757A98B9A20}.Release|Any CPU.Build.0 = Release|Any CPU
		{C8F34C38-CA65-4564-8DF9-200FB3B30131}.Debug|Any CPU.ActiveCfg = Debug|Any CPU
		{C8F34C38-CA65-4564-8DF9-200FB3B30131}.Debug|Any CPU.Build.0 = Debug|Any CPU
		{C8F34C38-CA65-4564-8DF9-200FB3B30131}.Release|Any CPU.ActiveCfg = Release|Any CPU
		{C8F34C38-CA65-4564-8DF9-200FB3B30131}.Release|Any CPU.Build.0 = Release|Any CPU
		{B6F2CE4B-4A1A-40EF-BA33-D5FEC8EAEAB2}.Debug|Any CPU.ActiveCfg = Debug|Any CPU
		{B6F2CE4B-4A1A-40EF-BA33-D5FEC8EAEAB2}.Debug|Any CPU.Build.0 = Debug|Any CPU
		{B6F2CE4B-4A1A-40EF-BA33-D5FEC8EAEAB2}.Release|Any CPU.ActiveCfg = Release|Any CPU
		{B6F2CE4B-4A1A-40EF-BA33-D5FEC8EAEAB2}.Release|Any CPU.Build.0 = Release|Any CPU
	EndGlobalSection
	GlobalSection(SolutionProperties) = preSolution
		HideSolutionNode = FALSE
	EndGlobalSection
	GlobalSection(ExtensibilityGlobals) = postSolution
		SolutionGuid = {F9BD4325-B87B-4B60-B3E6-D8FF6726C463}
	EndGlobalSection
EndGlobal
